
Microsoft Visual Studio Solution File, Format Version 12.00
# Visual Studio 15
VisualStudioVersion = 15.0.28307.168
MinimumVisualStudioVersion = 10.0.40219.1
Project("{FAE04EC0-301F-11D3-BF4B-00C04F79EFBC}") = "Ecommerce", "Ecommerce\Ecommerce.csproj", "{71B7EF71-CE75-4673-95E9-3453B273FDD8}"
EndProject
Project("{FAE04EC0-301F-11D3-BF4B-00C04F79EFBC}") = "Ecommerce.Repositories", "Ecommerce.Repositories\Ecommerce.Repositories.csproj", "{8415959B-B82B-4EBC-891B-3024497A8277}"
EndProject
Project("{FAE04EC0-301F-11D3-BF4B-00C04F79EFBC}") = "Ecommerce.Data", "Ecommerce.Data\Ecommerce.Data.csproj", "{670A3EEC-5221-41FA-A030-A8FB03A7423D}"
EndProject
Project("{FAE04EC0-301F-11D3-BF4B-00C04F79EFBC}") = "Ecommerce.EF", "Ecommerce.EF\Ecommerce.EF.csproj", "{FFB7554C-8246-4913-9AE5-A4A3C3D3FE4E}"
EndProject
Project("{FAE04EC0-301F-11D3-BF4B-00C04F79EFBC}") = "Ecommerce.Common", "Ecommerce.Common\Ecommerce.Common.csproj", "{E757EDB1-55A3-45BB-AD88-14048F70C229}"
EndProject
Global
	GlobalSection(SolutionConfigurationPlatforms) = preSolution
		Debug|Any CPU = Debug|Any CPU
		Release|Any CPU = Release|Any CPU
	EndGlobalSection
	GlobalSection(ProjectConfigurationPlatforms) = postSolution
		{71B7EF71-CE75-4673-95E9-3453B273FDD8}.Debug|Any CPU.ActiveCfg = Debug|Any CPU
		{71B7EF71-CE75-4673-95E9-3453B273FDD8}.Debug|Any CPU.Build.0 = Debug|Any CPU
		{71B7EF71-CE75-4673-95E9-3453B273FDD8}.Release|Any CPU.ActiveCfg = Release|Any CPU
		{71B7EF71-CE75-4673-95E9-3453B273FDD8}.Release|Any CPU.Build.0 = Release|Any CPU
		{8415959B-B82B-4EBC-891B-3024497A8277}.Debug|Any CPU.ActiveCfg = Debug|Any CPU
		{8415959B-B82B-4EBC-891B-3024497A8277}.Debug|Any CPU.Build.0 = Debug|Any CPU
		{8415959B-B82B-4EBC-891B-3024497A8277}.Release|Any CPU.ActiveCfg = Release|Any CPU
		{8415959B-B82B-4EBC-891B-3024497A8277}.Release|Any CPU.Build.0 = Release|Any CPU
		{670A3EEC-5221-41FA-A030-A8FB03A7423D}.Debug|Any CPU.ActiveCfg = Debug|Any CPU
		{670A3EEC-5221-41FA-A030-A8FB03A7423D}.Debug|Any CPU.Build.0 = Debug|Any CPU
		{670A3EEC-5221-41FA-A030-A8FB03A7423D}.Release|Any CPU.ActiveCfg = Release|Any CPU
		{670A3EEC-5221-41FA-A030-A8FB03A7423D}.Release|Any CPU.Build.0 = Release|Any CPU
		{FFB7554C-8246-4913-9AE5-A4A3C3D3FE4E}.Debug|Any CPU.ActiveCfg = Debug|Any CPU
		{FFB7554C-8246-4913-9AE5-A4A3C3D3FE4E}.Debug|Any CPU.Build.0 = Debug|Any CPU
		{FFB7554C-8246-4913-9AE5-A4A3C3D3FE4E}.Release|Any CPU.ActiveCfg = Release|Any CPU
		{FFB7554C-8246-4913-9AE5-A4A3C3D3FE4E}.Release|Any CPU.Build.0 = Release|Any CPU
		{E757EDB1-55A3-45BB-AD88-14048F70C229}.Debug|Any CPU.ActiveCfg = Debug|Any CPU
		{E757EDB1-55A3-45BB-AD88-14048F70C229}.Debug|Any CPU.Build.0 = Debug|Any CPU
		{E757EDB1-55A3-45BB-AD88-14048F70C229}.Release|Any CPU.ActiveCfg = Release|Any CPU
		{E757EDB1-55A3-45BB-AD88-14048F70C229}.Release|Any CPU.Build.0 = Release|Any CPU
	EndGlobalSection
	GlobalSection(SolutionProperties) = preSolution
		HideSolutionNode = FALSE
	EndGlobalSection
	GlobalSection(ExtensibilityGlobals) = postSolution
		SolutionGuid = {0D46956F-0A36-4F1B-B4AA-3E2EF722E95A}
	EndGlobalSection
EndGlobal
