
Microsoft Visual Studio Solution File, Format Version 12.00
# Visual Studio Version 16
VisualStudioVersion = 16.0.29009.5
MinimumVisualStudioVersion = 10.0.40219.1
Project("{9A19103F-16F7-4668-BE54-9A1E7A4F7556}") = "Ecommerce", "Ecommerce\Ecommerce.csproj", "{71B7EF71-CE75-4673-95E9-3453B273FDD8}"
EndProject
Project("{9A19103F-16F7-4668-BE54-9A1E7A4F7556}") = "Ecommerce.Data", "Ecommerce.Data\Ecommerce.Data.csproj", "{670A3EEC-5221-41FA-A030-A8FB03A7423D}"
EndProject
Project("{9A19103F-16F7-4668-BE54-9A1E7A4F7556}") = "Ecommerce.EF", "Ecommerce.EF\Ecommerce.EF.csproj", "{FFB7554C-8246-4913-9AE5-A4A3C3D3FE4E}"
EndProject
Project("{9A19103F-16F7-4668-BE54-9A1E7A4F7556}") = "Ecommerce.Common", "Ecommerce.Common\Ecommerce.Common.csproj", "{E757EDB1-55A3-45BB-AD88-14048F70C229}"
EndProject
Project("{9A19103F-16F7-4668-BE54-9A1E7A4F7556}") = "Ecommerce.Service", "Ecommerce.Service\Ecommerce.Service.csproj", "{61502660-BE55-4E35-A8B3-9D9BD9B33FDF}"
EndProject
Project("{9A19103F-16F7-4668-BE54-9A1E7A4F7556}") = "Ecommerce.Repository", "Ecommerce.Repository\Ecommerce.Repository.csproj", "{2DCCAD89-D18F-4D69-8D15-CBEAF06B8CEB}"
EndProject
Global
	GlobalSection(SolutionConfigurationPlatforms) = preSolution
		Debug|Any CPU = Debug|Any CPU
		Release|Any CPU = Release|Any CPU
	EndGlobalSection
	GlobalSection(ProjectConfigurationPlatforms) = postSolution
		{71B7EF71-CE75-4673-95E9-3453B273FDD8}.Debug|Any CPU.ActiveCfg = Debug|Any CPU
		{71B7EF71-CE75-4673-95E9-3453B273FDD8}.Debug|Any CPU.Build.0 = Debug|Any CPU
		{71B7EF71-CE75-4673-95E9-3453B273FDD8}.Release|Any CPU.ActiveCfg = Release|Any CPU
		{71B7EF71-CE75-4673-95E9-3453B273FDD8}.Release|Any CPU.Build.0 = Release|Any CPU
		{670A3EEC-5221-41FA-A030-A8FB03A7423D}.Debug|Any CPU.ActiveCfg = Debug|Any CPU
		{670A3EEC-5221-41FA-A030-A8FB03A7423D}.Debug|Any CPU.Build.0 = Debug|Any CPU
		{670A3EEC-5221-41FA-A030-A8FB03A7423D}.Release|Any CPU.ActiveCfg = Release|Any CPU
		{670A3EEC-5221-41FA-A030-A8FB03A7423D}.Release|Any CPU.Build.0 = Release|Any CPU
		{FFB7554C-8246-4913-9AE5-A4A3C3D3FE4E}.Debug|Any CPU.ActiveCfg = Debug|Any CPU
		{FFB7554C-8246-4913-9AE5-A4A3C3D3FE4E}.Debug|Any CPU.Build.0 = Debug|Any CPU
		{FFB7554C-8246-4913-9AE5-A4A3C3D3FE4E}.Release|Any CPU.ActiveCfg = Release|Any CPU
		{FFB7554C-8246-4913-9AE5-A4A3C3D3FE4E}.Release|Any CPU.Build.0 = Release|Any CPU
		{E757EDB1-55A3-45BB-AD88-14048F70C229}.Debug|Any CPU.ActiveCfg = Debug|Any CPU
		{E757EDB1-55A3-45BB-AD88-14048F70C229}.Debug|Any CPU.Build.0 = Debug|Any CPU
		{E757EDB1-55A3-45BB-AD88-14048F70C229}.Release|Any CPU.ActiveCfg = Release|Any CPU
		{E757EDB1-55A3-45BB-AD88-14048F70C229}.Release|Any CPU.Build.0 = Release|Any CPU
		{61502660-BE55-4E35-A8B3-9D9BD9B33FDF}.Debug|Any CPU.ActiveCfg = Debug|Any CPU
		{61502660-BE55-4E35-A8B3-9D9BD9B33FDF}.Debug|Any CPU.Build.0 = Debug|Any CPU
		{61502660-BE55-4E35-A8B3-9D9BD9B33FDF}.Release|Any CPU.ActiveCfg = Release|Any CPU
		{61502660-BE55-4E35-A8B3-9D9BD9B33FDF}.Release|Any CPU.Build.0 = Release|Any CPU
		{2DCCAD89-D18F-4D69-8D15-CBEAF06B8CEB}.Debug|Any CPU.ActiveCfg = Debug|Any CPU
		{2DCCAD89-D18F-4D69-8D15-CBEAF06B8CEB}.Debug|Any CPU.Build.0 = Debug|Any CPU
		{2DCCAD89-D18F-4D69-8D15-CBEAF06B8CEB}.Release|Any CPU.ActiveCfg = Release|Any CPU
		{2DCCAD89-D18F-4D69-8D15-CBEAF06B8CEB}.Release|Any CPU.Build.0 = Release|Any CPU
	EndGlobalSection
	GlobalSection(SolutionProperties) = preSolution
		HideSolutionNode = FALSE
	EndGlobalSection
	GlobalSection(ExtensibilityGlobals) = postSolution
		SolutionGuid = {0D46956F-0A36-4F1B-B4AA-3E2EF722E95A}
	EndGlobalSection
EndGlobal
